// !$*UTF8*$!
{
	archiveVersion = 1;
	classes = {
	};
	objectVersion = 46;
	objects = {

/* Begin PBXBuildFile section */
		2307A8C01E3442B3002F0061 /* NowPlayingItem.swift in Sources */ = {isa = PBXBuildFile; fileRef = 2307A8BF1E3442B3002F0061 /* NowPlayingItem.swift */; };
		230CF2741E2EA31A001C0606 /* Assets.xcassets in Resources */ = {isa = PBXBuildFile; fileRef = 230CF2731E2EA31A001C0606 /* Assets.xcassets */; };
		230CF27E1E2EA433001C0606 /* HahaService.swift in Sources */ = {isa = PBXBuildFile; fileRef = 230CF27D1E2EA433001C0606 /* HahaService.swift */; };
		230CF2901E2EAAA2001C0606 /* HahaProvider.swift in Sources */ = {isa = PBXBuildFile; fileRef = 230CF28F1E2EAAA2001C0606 /* HahaProvider.swift */; };
		23148CF31F840AC20063B404 /* DeviceKey.swift in Sources */ = {isa = PBXBuildFile; fileRef = 23148CF21F840AC20063B404 /* DeviceKey.swift */; };
		23148CF41F840D1B0063B404 /* DeviceKey.swift in Sources */ = {isa = PBXBuildFile; fileRef = 23148CF21F840AC20063B404 /* DeviceKey.swift */; };
		23246CC81E3E60440057FA63 /* TVServices.framework in Frameworks */ = {isa = PBXBuildFile; fileRef = 23246CC71E3E60440057FA63 /* TVServices.framework */; };
		23246CCB1E3E60440057FA63 /* ServiceProvider.swift in Sources */ = {isa = PBXBuildFile; fileRef = 23246CCA1E3E60440057FA63 /* ServiceProvider.swift */; };
		23246CCF1E3E60440057FA63 /* Haha Extension.appex in Embed App Extensions */ = {isa = PBXBuildFile; fileRef = 23246CC61E3E60440057FA63 /* Haha Extension.appex */; settings = {ATTRIBUTES = (RemoveHeadersOnCopy, ); }; };
		23246CD51E3E63AD0057FA63 /* HahaService.swift in Sources */ = {isa = PBXBuildFile; fileRef = 230CF27D1E2EA433001C0606 /* HahaService.swift */; };
		23246CD61E3E63AD0057FA63 /* FromDictable.swift in Sources */ = {isa = PBXBuildFile; fileRef = 23DBFB021E30607000E276EB /* FromDictable.swift */; };
		23246CD71E3E63AD0057FA63 /* Game.swift in Sources */ = {isa = PBXBuildFile; fileRef = 23DBFB031E30607000E276EB /* Game.swift */; };
		23246CD81E3E63AD0057FA63 /* NowPlayingItem.swift in Sources */ = {isa = PBXBuildFile; fileRef = 2307A8BF1E3442B3002F0061 /* NowPlayingItem.swift */; };
		23246CD91E3E63AD0057FA63 /* HahaError.swift in Sources */ = {isa = PBXBuildFile; fileRef = 23DBFB041E30607000E276EB /* HahaError.swift */; };
		23246CDA1E3E63AD0057FA63 /* Sport.swift in Sources */ = {isa = PBXBuildFile; fileRef = 23DBFB051E30607000E276EB /* Sport.swift */; };
		23246CDB1E3E63AD0057FA63 /* VCS.swift in Sources */ = {isa = PBXBuildFile; fileRef = 23E7462F1E33F9AE00498A08 /* VCS.swift */; };
		23246CDC1E3E63AD0057FA63 /* Channel.swift in Sources */ = {isa = PBXBuildFile; fileRef = 233F4C131E32B5E100786A5C /* Channel.swift */; };
		23246CDD1E3E63AD0057FA63 /* Stream.swift in Sources */ = {isa = PBXBuildFile; fileRef = 23DBFB061E30607000E276EB /* Stream.swift */; };
		23246CDF1E3E68C90057FA63 /* AppProvider.swift in Sources */ = {isa = PBXBuildFile; fileRef = 23DBFAEB1E30602500E276EB /* AppProvider.swift */; };
		23246D061E3FBF080057FA63 /* Game+LocalImage.swift in Sources */ = {isa = PBXBuildFile; fileRef = 23246D051E3FBF080057FA63 /* Game+LocalImage.swift */; };
		23246D071E3FBF080057FA63 /* Game+LocalImage.swift in Sources */ = {isa = PBXBuildFile; fileRef = 23246D051E3FBF080057FA63 /* Game+LocalImage.swift */; };
		232FBF751E3FD9B100294D26 /* Channel+LocalImage.swift in Sources */ = {isa = PBXBuildFile; fileRef = 232FBF741E3FD9B100294D26 /* Channel+LocalImage.swift */; };
		232FBF761E3FD9B100294D26 /* Channel+LocalImage.swift in Sources */ = {isa = PBXBuildFile; fileRef = 232FBF741E3FD9B100294D26 /* Channel+LocalImage.swift */; };
		232FBF781E3FDBB600294D26 /* LocalImage.swift in Sources */ = {isa = PBXBuildFile; fileRef = 232FBF771E3FDBB600294D26 /* LocalImage.swift */; };
		232FBF791E3FDBB600294D26 /* LocalImage.swift in Sources */ = {isa = PBXBuildFile; fileRef = 232FBF771E3FDBB600294D26 /* LocalImage.swift */; };
		232FBF801E40143A00294D26 /* Loading.storyboard in Resources */ = {isa = PBXBuildFile; fileRef = 232FBF7E1E40143A00294D26 /* Loading.storyboard */; };
		232FBF811E40143A00294D26 /* LoadingViewController.swift in Sources */ = {isa = PBXBuildFile; fileRef = 232FBF7F1E40143A00294D26 /* LoadingViewController.swift */; };
		233F4C141E32B5E100786A5C /* Channel.swift in Sources */ = {isa = PBXBuildFile; fileRef = 233F4C131E32B5E100786A5C /* Channel.swift */; };
		2342FC531F8544EC00D0C295 /* LoginInteractor.swift in Sources */ = {isa = PBXBuildFile; fileRef = 2342FC521F8544EC00D0C295 /* LoginInteractor.swift */; };
		2349258D1F8412F50071185A /* DeviceActivation.swift in Sources */ = {isa = PBXBuildFile; fileRef = 2349258C1F8412F50071185A /* DeviceActivation.swift */; };
		2349258E1F8412F50071185A /* DeviceActivation.swift in Sources */ = {isa = PBXBuildFile; fileRef = 2349258C1F8412F50071185A /* DeviceActivation.swift */; };
		234925901F841ED20071185A /* StreamMeta.swift in Sources */ = {isa = PBXBuildFile; fileRef = 2349258F1F841ED20071185A /* StreamMeta.swift */; };
		234925911F841ED20071185A /* StreamMeta.swift in Sources */ = {isa = PBXBuildFile; fileRef = 2349258F1F841ED20071185A /* StreamMeta.swift */; };
		234925931F84247D0071185A /* HahaProvider.swift in Sources */ = {isa = PBXBuildFile; fileRef = 230CF28F1E2EAAA2001C0606 /* HahaProvider.swift */; };
		2355AD541E32926800EAEF02 /* NowPlaying.storyboard in Resources */ = {isa = PBXBuildFile; fileRef = 2355AD511E32926800EAEF02 /* NowPlaying.storyboard */; };
		2355AD551E32926800EAEF02 /* NowPlayingViewCell.swift in Sources */ = {isa = PBXBuildFile; fileRef = 2355AD521E32926800EAEF02 /* NowPlayingViewCell.swift */; };
		2355AD561E32926800EAEF02 /* NowPlayingViewController.swift in Sources */ = {isa = PBXBuildFile; fileRef = 2355AD531E32926800EAEF02 /* NowPlayingViewController.swift */; };
		2366E4351F862BB40037D4A7 /* Dictionary+KeyPath.swift in Sources */ = {isa = PBXBuildFile; fileRef = 237C25D51F861E5000987DF2 /* Dictionary+KeyPath.swift */; };
		2366E4371F8639840037D4A7 /* StreamURL.swift in Sources */ = {isa = PBXBuildFile; fileRef = 2366E4361F8639840037D4A7 /* StreamURL.swift */; };
		2366E4381F8639FC0037D4A7 /* StreamURL.swift in Sources */ = {isa = PBXBuildFile; fileRef = 2366E4361F8639840037D4A7 /* StreamURL.swift */; };
		2366E43A1F863C350037D4A7 /* Team.swift in Sources */ = {isa = PBXBuildFile; fileRef = 2366E4391F863C350037D4A7 /* Team.swift */; };
		2366E43B1F863C350037D4A7 /* Team.swift in Sources */ = {isa = PBXBuildFile; fileRef = 2366E4391F863C350037D4A7 /* Team.swift */; };
		237C25D61F861E5000987DF2 /* Dictionary+KeyPath.swift in Sources */ = {isa = PBXBuildFile; fileRef = 237C25D51F861E5000987DF2 /* Dictionary+KeyPath.swift */; };
		23C1DE3E1E34708C00E53954 /* PlayerOverlayView.xib in Resources */ = {isa = PBXBuildFile; fileRef = 23C1DE3D1E34708C00E53954 /* PlayerOverlayView.xib */; };
		23C1DE401E34736100E53954 /* PlayerOverlayView.swift in Sources */ = {isa = PBXBuildFile; fileRef = 23C1DE3F1E34736100E53954 /* PlayerOverlayView.swift */; };
		23C1DE421E372A3600E53954 /* (null) in Sources */ = {isa = PBXBuildFile; };
		23C1DE441E372B1B00E53954 /* ViewController+Errors.swift in Sources */ = {isa = PBXBuildFile; fileRef = 23C1DE431E372B1B00E53954 /* ViewController+Errors.swift */; };
		23C1DE461E372DDF00E53954 /* VCSChannelListViewController.swift in Sources */ = {isa = PBXBuildFile; fileRef = 23C1DE451E372DDF00E53954 /* VCSChannelListViewController.swift */; };
		23C1DE481E372F6C00E53954 /* VCSViewController.swift in Sources */ = {isa = PBXBuildFile; fileRef = 23C1DE471E372F6C00E53954 /* VCSViewController.swift */; };
		23C1DE4A1E37371800E53954 /* VCSChannelListCell.swift in Sources */ = {isa = PBXBuildFile; fileRef = 23C1DE491E37371800E53954 /* VCSChannelListCell.swift */; };
		23C626B21E341A2F00BDDACE /* VCS.storyboard in Resources */ = {isa = PBXBuildFile; fileRef = 23C626AF1E341A2F00BDDACE /* VCS.storyboard */; };
		23C626B71E3426DA00BDDACE /* PlayerViewController.swift in Sources */ = {isa = PBXBuildFile; fileRef = 23C626B61E3426DA00BDDACE /* PlayerViewController.swift */; };
		23C626B91E3426EB00BDDACE /* Player.storyboard in Resources */ = {isa = PBXBuildFile; fileRef = 23C626B81E3426EB00BDDACE /* Player.storyboard */; };
		23C626BB1E342B2100BDDACE /* ViewController+Player.swift in Sources */ = {isa = PBXBuildFile; fileRef = 23C626BA1E342B2100BDDACE /* ViewController+Player.swift */; };
		23C626C01E34350E00BDDACE /* ViewController+Haha.swift in Sources */ = {isa = PBXBuildFile; fileRef = 23C626BF1E34350E00BDDACE /* ViewController+Haha.swift */; };
		23C626C21E34383600BDDACE /* HahaViewControllers.swift in Sources */ = {isa = PBXBuildFile; fileRef = 23C626C11E34383600BDDACE /* HahaViewControllers.swift */; };
		23D8575A1F8D6CFE00433790 /* NowPlayingInteractor.swift in Sources */ = {isa = PBXBuildFile; fileRef = 23D857591F8D6CFE00433790 /* NowPlayingInteractor.swift */; };
		23DBFAED1E30602500E276EB /* AppDelegate.swift in Sources */ = {isa = PBXBuildFile; fileRef = 23DBFAEA1E30602500E276EB /* AppDelegate.swift */; };
		23DBFAEE1E30602500E276EB /* AppProvider.swift in Sources */ = {isa = PBXBuildFile; fileRef = 23DBFAEB1E30602500E276EB /* AppProvider.swift */; };
		23DBFAEF1E30602500E276EB /* AppRouter.swift in Sources */ = {isa = PBXBuildFile; fileRef = 23DBFAEC1E30602500E276EB /* AppRouter.swift */; };
		23DBFAF21E30603000E276EB /* Login.storyboard in Resources */ = {isa = PBXBuildFile; fileRef = 23DBFAF01E30603000E276EB /* Login.storyboard */; };
		23DBFAF31E30603000E276EB /* LoginViewController.swift in Sources */ = {isa = PBXBuildFile; fileRef = 23DBFAF11E30603000E276EB /* LoginViewController.swift */; };
		23DBFAF61E30603900E276EB /* Home.storyboard in Resources */ = {isa = PBXBuildFile; fileRef = 23DBFAF41E30603900E276EB /* Home.storyboard */; };
		23DBFAF71E30603900E276EB /* HomeViewController.swift in Sources */ = {isa = PBXBuildFile; fileRef = 23DBFAF51E30603900E276EB /* HomeViewController.swift */; };
		23DBFAFD1E30604200E276EB /* DateListViewController.swift in Sources */ = {isa = PBXBuildFile; fileRef = 23DBFAF81E30604200E276EB /* DateListViewController.swift */; };
		23DBFAFE1E30604200E276EB /* GamesViewCell.swift in Sources */ = {isa = PBXBuildFile; fileRef = 23DBFAF91E30604200E276EB /* GamesViewCell.swift */; };
		23DBFAFF1E30604200E276EB /* GamesViewController.swift in Sources */ = {isa = PBXBuildFile; fileRef = 23DBFAFA1E30604200E276EB /* GamesViewController.swift */; };
		23DBFB001E30604200E276EB /* Sport.storyboard in Resources */ = {isa = PBXBuildFile; fileRef = 23DBFAFB1E30604200E276EB /* Sport.storyboard */; };
		23DBFB011E30604200E276EB /* SportViewController.swift in Sources */ = {isa = PBXBuildFile; fileRef = 23DBFAFC1E30604200E276EB /* SportViewController.swift */; };
		23DBFB071E30607000E276EB /* FromDictable.swift in Sources */ = {isa = PBXBuildFile; fileRef = 23DBFB021E30607000E276EB /* FromDictable.swift */; };
		23DBFB081E30607000E276EB /* Game.swift in Sources */ = {isa = PBXBuildFile; fileRef = 23DBFB031E30607000E276EB /* Game.swift */; };
		23DBFB091E30607000E276EB /* HahaError.swift in Sources */ = {isa = PBXBuildFile; fileRef = 23DBFB041E30607000E276EB /* HahaError.swift */; };
		23DBFB0A1E30607000E276EB /* Sport.swift in Sources */ = {isa = PBXBuildFile; fileRef = 23DBFB051E30607000E276EB /* Sport.swift */; };
		23DBFB0B1E30607000E276EB /* Stream.swift in Sources */ = {isa = PBXBuildFile; fileRef = 23DBFB061E30607000E276EB /* Stream.swift */; };
		23DBFB111E311C1F00E276EB /* Date.swift in Sources */ = {isa = PBXBuildFile; fileRef = 23DBFB0F1E311C1F00E276EB /* Date.swift */; };
		23E746301E33F9AE00498A08 /* VCS.swift in Sources */ = {isa = PBXBuildFile; fileRef = 23E7462F1E33F9AE00498A08 /* VCS.swift */; };
		23F6951D1E3270CA00B8E4FB /* HahaProviderTest.swift in Sources */ = {isa = PBXBuildFile; fileRef = 23F6951C1E3270CA00B8E4FB /* HahaProviderTest.swift */; };
		23F6951F1E3274FC00B8E4FB /* Config.plist in Resources */ = {isa = PBXBuildFile; fileRef = 23F6951E1E3274FC00B8E4FB /* Config.plist */; };
		3F69EA497F60AD6E30D7BAA9 /* Pods_HahaStreamUnitTests.framework in Frameworks */ = {isa = PBXBuildFile; fileRef = EA8F884DFF693A84A64CB7B5 /* Pods_HahaStreamUnitTests.framework */; };
		8D8AD156026C5A5921386439 /* Pods_Haha_Extension.framework in Frameworks */ = {isa = PBXBuildFile; fileRef = F99625038561208E4127B3BC /* Pods_Haha_Extension.framework */; };
		E40B0FE8D5C36811466D2DD8 /* Pods_Haha_Stream.framework in Frameworks */ = {isa = PBXBuildFile; fileRef = 48E8E50259AC4BE738873F72 /* Pods_Haha_Stream.framework */; };
/* End PBXBuildFile section */

/* Begin PBXContainerItemProxy section */
		230CF28A1E2EA711001C0606 /* PBXContainerItemProxy */ = {
			isa = PBXContainerItemProxy;
			containerPortal = 230CF2611E2EA31A001C0606 /* Project object */;
			proxyType = 1;
			remoteGlobalIDString = 230CF2681E2EA31A001C0606;
			remoteInfo = "Haha Stream";
		};
		23246CCD1E3E60440057FA63 /* PBXContainerItemProxy */ = {
			isa = PBXContainerItemProxy;
			containerPortal = 230CF2611E2EA31A001C0606 /* Project object */;
			proxyType = 1;
			remoteGlobalIDString = 23246CC51E3E60440057FA63;
			remoteInfo = "Haha Extension";
		};
/* End PBXContainerItemProxy section */

/* Begin PBXCopyFilesBuildPhase section */
		23246CD31E3E60440057FA63 /* Embed App Extensions */ = {
			isa = PBXCopyFilesBuildPhase;
			buildActionMask = 2147483647;
			dstPath = "";
			dstSubfolderSpec = 13;
			files = (
				23246CCF1E3E60440057FA63 /* Haha Extension.appex in Embed App Extensions */,
			);
			name = "Embed App Extensions";
			runOnlyForDeploymentPostprocessing = 0;
		};
/* End PBXCopyFilesBuildPhase section */

/* Begin PBXFileReference section */
		2307A8BF1E3442B3002F0061 /* NowPlayingItem.swift */ = {isa = PBXFileReference; fileEncoding = 4; lastKnownFileType = sourcecode.swift; name = NowPlayingItem.swift; path = HahaService/Models/NowPlayingItem.swift; sourceTree = "<group>"; };
		230CF2691E2EA31A001C0606 /* Haha Stream.app */ = {isa = PBXFileReference; explicitFileType = wrapper.application; includeInIndex = 0; path = "Haha Stream.app"; sourceTree = BUILT_PRODUCTS_DIR; };
		230CF2731E2EA31A001C0606 /* Assets.xcassets */ = {isa = PBXFileReference; lastKnownFileType = folder.assetcatalog; path = Assets.xcassets; sourceTree = "<group>"; };
		230CF2751E2EA31A001C0606 /* Info.plist */ = {isa = PBXFileReference; lastKnownFileType = text.plist.xml; path = Info.plist; sourceTree = "<group>"; };
		230CF27D1E2EA433001C0606 /* HahaService.swift */ = {isa = PBXFileReference; fileEncoding = 4; lastKnownFileType = sourcecode.swift; name = HahaService.swift; path = HahaService/HahaService.swift; sourceTree = "<group>"; };
		230CF2851E2EA711001C0606 /* HahaStreamUnitTests.xctest */ = {isa = PBXFileReference; explicitFileType = wrapper.cfbundle; includeInIndex = 0; path = HahaStreamUnitTests.xctest; sourceTree = BUILT_PRODUCTS_DIR; };
		230CF2891E2EA711001C0606 /* Info.plist */ = {isa = PBXFileReference; lastKnownFileType = text.plist.xml; path = Info.plist; sourceTree = "<group>"; };
		230CF28F1E2EAAA2001C0606 /* HahaProvider.swift */ = {isa = PBXFileReference; fileEncoding = 4; lastKnownFileType = sourcecode.swift; name = HahaProvider.swift; path = HahaService/HahaProvider.swift; sourceTree = "<group>"; };
		23148CF21F840AC20063B404 /* DeviceKey.swift */ = {isa = PBXFileReference; fileEncoding = 4; lastKnownFileType = sourcecode.swift; name = DeviceKey.swift; path = HahaService/Models/DeviceKey.swift; sourceTree = "<group>"; };
		23246CC61E3E60440057FA63 /* Haha Extension.appex */ = {isa = PBXFileReference; explicitFileType = "wrapper.app-extension"; includeInIndex = 0; path = "Haha Extension.appex"; sourceTree = BUILT_PRODUCTS_DIR; };
		23246CC71E3E60440057FA63 /* TVServices.framework */ = {isa = PBXFileReference; lastKnownFileType = wrapper.framework; name = TVServices.framework; path = System/Library/Frameworks/TVServices.framework; sourceTree = SDKROOT; };
		23246CCA1E3E60440057FA63 /* ServiceProvider.swift */ = {isa = PBXFileReference; lastKnownFileType = sourcecode.swift; path = ServiceProvider.swift; sourceTree = "<group>"; };
		23246CCC1E3E60440057FA63 /* Info.plist */ = {isa = PBXFileReference; lastKnownFileType = text.plist.xml; path = Info.plist; sourceTree = "<group>"; };
		23246CE11E3E854E0057FA63 /* Haha Stream.entitlements */ = {isa = PBXFileReference; lastKnownFileType = text.plist.entitlements; path = "Haha Stream.entitlements"; sourceTree = "<group>"; };
		23246CE21E3E85BE0057FA63 /* Haha Extension.entitlements */ = {isa = PBXFileReference; lastKnownFileType = text.plist.entitlements; path = "Haha Extension.entitlements"; sourceTree = "<group>"; };
		23246D051E3FBF080057FA63 /* Game+LocalImage.swift */ = {isa = PBXFileReference; fileEncoding = 4; lastKnownFileType = sourcecode.swift; path = "Game+LocalImage.swift"; sourceTree = "<group>"; };
		232FBF741E3FD9B100294D26 /* Channel+LocalImage.swift */ = {isa = PBXFileReference; fileEncoding = 4; lastKnownFileType = sourcecode.swift; path = "Channel+LocalImage.swift"; sourceTree = "<group>"; };
		232FBF771E3FDBB600294D26 /* LocalImage.swift */ = {isa = PBXFileReference; fileEncoding = 4; lastKnownFileType = sourcecode.swift; path = LocalImage.swift; sourceTree = "<group>"; };
		232FBF7E1E40143A00294D26 /* Loading.storyboard */ = {isa = PBXFileReference; fileEncoding = 4; lastKnownFileType = file.storyboard; path = Loading.storyboard; sourceTree = "<group>"; };
		232FBF7F1E40143A00294D26 /* LoadingViewController.swift */ = {isa = PBXFileReference; fileEncoding = 4; lastKnownFileType = sourcecode.swift; path = LoadingViewController.swift; sourceTree = "<group>"; };
		233F4C121E32B05600786A5C /* README.md */ = {isa = PBXFileReference; lastKnownFileType = net.daringfireball.markdown; path = README.md; sourceTree = SOURCE_ROOT; };
		233F4C131E32B5E100786A5C /* Channel.swift */ = {isa = PBXFileReference; fileEncoding = 4; lastKnownFileType = sourcecode.swift; name = Channel.swift; path = HahaService/Models/Channel.swift; sourceTree = "<group>"; };
		2342FC521F8544EC00D0C295 /* LoginInteractor.swift */ = {isa = PBXFileReference; lastKnownFileType = sourcecode.swift; name = LoginInteractor.swift; path = Features/Login/LoginInteractor.swift; sourceTree = "<group>"; };
		2349258C1F8412F50071185A /* DeviceActivation.swift */ = {isa = PBXFileReference; fileEncoding = 4; lastKnownFileType = sourcecode.swift; name = DeviceActivation.swift; path = HahaService/Models/DeviceActivation.swift; sourceTree = "<group>"; };
		2349258F1F841ED20071185A /* StreamMeta.swift */ = {isa = PBXFileReference; fileEncoding = 4; lastKnownFileType = sourcecode.swift; path = StreamMeta.swift; sourceTree = "<group>"; };
		2355AD511E32926800EAEF02 /* NowPlaying.storyboard */ = {isa = PBXFileReference; fileEncoding = 4; lastKnownFileType = file.storyboard; path = NowPlaying.storyboard; sourceTree = "<group>"; };
		2355AD521E32926800EAEF02 /* NowPlayingViewCell.swift */ = {isa = PBXFileReference; fileEncoding = 4; lastKnownFileType = sourcecode.swift; path = NowPlayingViewCell.swift; sourceTree = "<group>"; };
		2355AD531E32926800EAEF02 /* NowPlayingViewController.swift */ = {isa = PBXFileReference; fileEncoding = 4; lastKnownFileType = sourcecode.swift; path = NowPlayingViewController.swift; sourceTree = "<group>"; };
		2366E4361F8639840037D4A7 /* StreamURL.swift */ = {isa = PBXFileReference; fileEncoding = 4; lastKnownFileType = sourcecode.swift; name = StreamURL.swift; path = HahaService/Models/StreamURL.swift; sourceTree = "<group>"; };
		2366E4391F863C350037D4A7 /* Team.swift */ = {isa = PBXFileReference; fileEncoding = 4; lastKnownFileType = sourcecode.swift; path = Team.swift; sourceTree = "<group>"; };
		237C25D51F861E5000987DF2 /* Dictionary+KeyPath.swift */ = {isa = PBXFileReference; fileEncoding = 4; lastKnownFileType = sourcecode.swift; name = "Dictionary+KeyPath.swift"; path = "HahaService/Dictionary+KeyPath.swift"; sourceTree = "<group>"; };
		23C1DE3D1E34708C00E53954 /* PlayerOverlayView.xib */ = {isa = PBXFileReference; fileEncoding = 4; lastKnownFileType = file.xib; name = PlayerOverlayView.xib; path = Features/Player/PlayerOverlayView.xib; sourceTree = "<group>"; };
		23C1DE3F1E34736100E53954 /* PlayerOverlayView.swift */ = {isa = PBXFileReference; fileEncoding = 4; lastKnownFileType = sourcecode.swift; name = PlayerOverlayView.swift; path = Features/Player/PlayerOverlayView.swift; sourceTree = "<group>"; };
		23C1DE431E372B1B00E53954 /* ViewController+Errors.swift */ = {isa = PBXFileReference; fileEncoding = 4; lastKnownFileType = sourcecode.swift; path = "ViewController+Errors.swift"; sourceTree = "<group>"; };
		23C1DE451E372DDF00E53954 /* VCSChannelListViewController.swift */ = {isa = PBXFileReference; fileEncoding = 4; lastKnownFileType = sourcecode.swift; path = VCSChannelListViewController.swift; sourceTree = "<group>"; };
		23C1DE471E372F6C00E53954 /* VCSViewController.swift */ = {isa = PBXFileReference; fileEncoding = 4; lastKnownFileType = sourcecode.swift; path = VCSViewController.swift; sourceTree = "<group>"; };
		23C1DE491E37371800E53954 /* VCSChannelListCell.swift */ = {isa = PBXFileReference; fileEncoding = 4; lastKnownFileType = sourcecode.swift; path = VCSChannelListCell.swift; sourceTree = "<group>"; };
		23C626AF1E341A2F00BDDACE /* VCS.storyboard */ = {isa = PBXFileReference; fileEncoding = 4; lastKnownFileType = file.storyboard; path = VCS.storyboard; sourceTree = "<group>"; };
		23C626B61E3426DA00BDDACE /* PlayerViewController.swift */ = {isa = PBXFileReference; fileEncoding = 4; lastKnownFileType = sourcecode.swift; name = PlayerViewController.swift; path = Features/Player/PlayerViewController.swift; sourceTree = "<group>"; };
		23C626B81E3426EB00BDDACE /* Player.storyboard */ = {isa = PBXFileReference; fileEncoding = 4; lastKnownFileType = file.storyboard; name = Player.storyboard; path = Features/Player/Player.storyboard; sourceTree = "<group>"; };
		23C626BA1E342B2100BDDACE /* ViewController+Player.swift */ = {isa = PBXFileReference; fileEncoding = 4; lastKnownFileType = sourcecode.swift; name = "ViewController+Player.swift"; path = "Features/Player/ViewController+Player.swift"; sourceTree = "<group>"; };
		23C626BF1E34350E00BDDACE /* ViewController+Haha.swift */ = {isa = PBXFileReference; fileEncoding = 4; lastKnownFileType = sourcecode.swift; path = "ViewController+Haha.swift"; sourceTree = "<group>"; };
		23C626C11E34383600BDDACE /* HahaViewControllers.swift */ = {isa = PBXFileReference; fileEncoding = 4; lastKnownFileType = sourcecode.swift; path = HahaViewControllers.swift; sourceTree = "<group>"; };
		23D857591F8D6CFE00433790 /* NowPlayingInteractor.swift */ = {isa = PBXFileReference; fileEncoding = 4; lastKnownFileType = sourcecode.swift; path = NowPlayingInteractor.swift; sourceTree = "<group>"; };
		23DBFAEA1E30602500E276EB /* AppDelegate.swift */ = {isa = PBXFileReference; fileEncoding = 4; lastKnownFileType = sourcecode.swift; name = AppDelegate.swift; path = Features/Application/AppDelegate.swift; sourceTree = "<group>"; };
		23DBFAEB1E30602500E276EB /* AppProvider.swift */ = {isa = PBXFileReference; fileEncoding = 4; lastKnownFileType = sourcecode.swift; name = AppProvider.swift; path = Features/Application/AppProvider.swift; sourceTree = "<group>"; };
		23DBFAEC1E30602500E276EB /* AppRouter.swift */ = {isa = PBXFileReference; fileEncoding = 4; lastKnownFileType = sourcecode.swift; name = AppRouter.swift; path = Features/Application/AppRouter.swift; sourceTree = "<group>"; };
		23DBFAF01E30603000E276EB /* Login.storyboard */ = {isa = PBXFileReference; fileEncoding = 4; lastKnownFileType = file.storyboard; name = Login.storyboard; path = Features/Login/Login.storyboard; sourceTree = "<group>"; };
		23DBFAF11E30603000E276EB /* LoginViewController.swift */ = {isa = PBXFileReference; fileEncoding = 4; lastKnownFileType = sourcecode.swift; name = LoginViewController.swift; path = Features/Login/LoginViewController.swift; sourceTree = "<group>"; };
		23DBFAF41E30603900E276EB /* Home.storyboard */ = {isa = PBXFileReference; fileEncoding = 4; lastKnownFileType = file.storyboard; name = Home.storyboard; path = Features/Home/Home.storyboard; sourceTree = "<group>"; };
		23DBFAF51E30603900E276EB /* HomeViewController.swift */ = {isa = PBXFileReference; fileEncoding = 4; lastKnownFileType = sourcecode.swift; name = HomeViewController.swift; path = Features/Home/HomeViewController.swift; sourceTree = "<group>"; };
		23DBFAF81E30604200E276EB /* DateListViewController.swift */ = {isa = PBXFileReference; fileEncoding = 4; lastKnownFileType = sourcecode.swift; name = DateListViewController.swift; path = Features/Sport/DateListViewController.swift; sourceTree = "<group>"; };
		23DBFAF91E30604200E276EB /* GamesViewCell.swift */ = {isa = PBXFileReference; fileEncoding = 4; lastKnownFileType = sourcecode.swift; name = GamesViewCell.swift; path = Features/Sport/GamesViewCell.swift; sourceTree = "<group>"; };
		23DBFAFA1E30604200E276EB /* GamesViewController.swift */ = {isa = PBXFileReference; fileEncoding = 4; lastKnownFileType = sourcecode.swift; name = GamesViewController.swift; path = Features/Sport/GamesViewController.swift; sourceTree = "<group>"; };
		23DBFAFB1E30604200E276EB /* Sport.storyboard */ = {isa = PBXFileReference; fileEncoding = 4; lastKnownFileType = file.storyboard; name = Sport.storyboard; path = Features/Sport/Sport.storyboard; sourceTree = "<group>"; };
		23DBFAFC1E30604200E276EB /* SportViewController.swift */ = {isa = PBXFileReference; fileEncoding = 4; lastKnownFileType = sourcecode.swift; name = SportViewController.swift; path = Features/Sport/SportViewController.swift; sourceTree = "<group>"; };
		23DBFB021E30607000E276EB /* FromDictable.swift */ = {isa = PBXFileReference; fileEncoding = 4; lastKnownFileType = sourcecode.swift; name = FromDictable.swift; path = HahaService/Models/FromDictable.swift; sourceTree = "<group>"; };
		23DBFB031E30607000E276EB /* Game.swift */ = {isa = PBXFileReference; fileEncoding = 4; lastKnownFileType = sourcecode.swift; name = Game.swift; path = HahaService/Models/Game.swift; sourceTree = "<group>"; };
		23DBFB041E30607000E276EB /* HahaError.swift */ = {isa = PBXFileReference; fileEncoding = 4; lastKnownFileType = sourcecode.swift; name = HahaError.swift; path = HahaService/Models/HahaError.swift; sourceTree = "<group>"; };
		23DBFB051E30607000E276EB /* Sport.swift */ = {isa = PBXFileReference; fileEncoding = 4; lastKnownFileType = sourcecode.swift; name = Sport.swift; path = HahaService/Models/Sport.swift; sourceTree = "<group>"; };
		23DBFB061E30607000E276EB /* Stream.swift */ = {isa = PBXFileReference; fileEncoding = 4; lastKnownFileType = sourcecode.swift; name = Stream.swift; path = HahaService/Models/Stream.swift; sourceTree = "<group>"; };
		23DBFB0F1E311C1F00E276EB /* Date.swift */ = {isa = PBXFileReference; fileEncoding = 4; lastKnownFileType = sourcecode.swift; path = Date.swift; sourceTree = "<group>"; };
		23E7462F1E33F9AE00498A08 /* VCS.swift */ = {isa = PBXFileReference; fileEncoding = 4; lastKnownFileType = sourcecode.swift; name = VCS.swift; path = HahaService/Models/VCS.swift; sourceTree = "<group>"; };
		23F6951B1E3270CA00B8E4FB /* HahaStreamUnitTests-Bridging-Header.h */ = {isa = PBXFileReference; lastKnownFileType = sourcecode.c.h; path = "HahaStreamUnitTests-Bridging-Header.h"; sourceTree = "<group>"; };
		23F6951C1E3270CA00B8E4FB /* HahaProviderTest.swift */ = {isa = PBXFileReference; fileEncoding = 4; lastKnownFileType = sourcecode.swift; path = HahaProviderTest.swift; sourceTree = "<group>"; };
		23F6951E1E3274FC00B8E4FB /* Config.plist */ = {isa = PBXFileReference; fileEncoding = 4; lastKnownFileType = text.plist.xml; path = Config.plist; sourceTree = "<group>"; };
		48E8E50259AC4BE738873F72 /* Pods_Haha_Stream.framework */ = {isa = PBXFileReference; explicitFileType = wrapper.framework; includeInIndex = 0; path = Pods_Haha_Stream.framework; sourceTree = BUILT_PRODUCTS_DIR; };
		539728FC1EEC4FF7101EB772 /* Pods-HahaStreamUnitTests.release.xcconfig */ = {isa = PBXFileReference; includeInIndex = 1; lastKnownFileType = text.xcconfig; name = "Pods-HahaStreamUnitTests.release.xcconfig"; path = "Pods/Target Support Files/Pods-HahaStreamUnitTests/Pods-HahaStreamUnitTests.release.xcconfig"; sourceTree = "<group>"; };
		6DC5C4978513D0F257C67E0E /* Pods-Haha Extension.debug.xcconfig */ = {isa = PBXFileReference; includeInIndex = 1; lastKnownFileType = text.xcconfig; name = "Pods-Haha Extension.debug.xcconfig"; path = "Pods/Target Support Files/Pods-Haha Extension/Pods-Haha Extension.debug.xcconfig"; sourceTree = "<group>"; };
		81A4AC4D58EE3FC972EF61F3 /* Pods-Haha Stream.debug.xcconfig */ = {isa = PBXFileReference; includeInIndex = 1; lastKnownFileType = text.xcconfig; name = "Pods-Haha Stream.debug.xcconfig"; path = "Pods/Target Support Files/Pods-Haha Stream/Pods-Haha Stream.debug.xcconfig"; sourceTree = "<group>"; };
		86C680C896595D1639158EAC /* Pods-Haha Extension.release.xcconfig */ = {isa = PBXFileReference; includeInIndex = 1; lastKnownFileType = text.xcconfig; name = "Pods-Haha Extension.release.xcconfig"; path = "Pods/Target Support Files/Pods-Haha Extension/Pods-Haha Extension.release.xcconfig"; sourceTree = "<group>"; };
		97D996BDD1273D20B05E984F /* Pods-Haha Stream.release.xcconfig */ = {isa = PBXFileReference; includeInIndex = 1; lastKnownFileType = text.xcconfig; name = "Pods-Haha Stream.release.xcconfig"; path = "Pods/Target Support Files/Pods-Haha Stream/Pods-Haha Stream.release.xcconfig"; sourceTree = "<group>"; };
		E75F4C1D75835102C2340A0F /* Pods-HahaStreamUnitTests.debug.xcconfig */ = {isa = PBXFileReference; includeInIndex = 1; lastKnownFileType = text.xcconfig; name = "Pods-HahaStreamUnitTests.debug.xcconfig"; path = "Pods/Target Support Files/Pods-HahaStreamUnitTests/Pods-HahaStreamUnitTests.debug.xcconfig"; sourceTree = "<group>"; };
		EA8F884DFF693A84A64CB7B5 /* Pods_HahaStreamUnitTests.framework */ = {isa = PBXFileReference; explicitFileType = wrapper.framework; includeInIndex = 0; path = Pods_HahaStreamUnitTests.framework; sourceTree = BUILT_PRODUCTS_DIR; };
		F99625038561208E4127B3BC /* Pods_Haha_Extension.framework */ = {isa = PBXFileReference; explicitFileType = wrapper.framework; includeInIndex = 0; path = Pods_Haha_Extension.framework; sourceTree = BUILT_PRODUCTS_DIR; };
/* End PBXFileReference section */

/* Begin PBXFrameworksBuildPhase section */
		230CF2661E2EA31A001C0606 /* Frameworks */ = {
			isa = PBXFrameworksBuildPhase;
			buildActionMask = 2147483647;
			files = (
				E40B0FE8D5C36811466D2DD8 /* Pods_Haha_Stream.framework in Frameworks */,
			);
			runOnlyForDeploymentPostprocessing = 0;
		};
		230CF2821E2EA711001C0606 /* Frameworks */ = {
			isa = PBXFrameworksBuildPhase;
			buildActionMask = 2147483647;
			files = (
				3F69EA497F60AD6E30D7BAA9 /* Pods_HahaStreamUnitTests.framework in Frameworks */,
			);
			runOnlyForDeploymentPostprocessing = 0;
		};
		23246CC31E3E60440057FA63 /* Frameworks */ = {
			isa = PBXFrameworksBuildPhase;
			buildActionMask = 2147483647;
			files = (
				23246CC81E3E60440057FA63 /* TVServices.framework in Frameworks */,
				8D8AD156026C5A5921386439 /* Pods_Haha_Extension.framework in Frameworks */,
			);
			runOnlyForDeploymentPostprocessing = 0;
		};
/* End PBXFrameworksBuildPhase section */

/* Begin PBXGroup section */
		230CF2601E2EA31A001C0606 = {
			isa = PBXGroup;
			children = (
				230CF26B1E2EA31A001C0606 /* Haha Stream */,
				230CF2861E2EA711001C0606 /* HahaStreamUnitTests */,
				23246CC91E3E60440057FA63 /* Haha Extension */,
				230CF26A1E2EA31A001C0606 /* Products */,
				DE7BE6BC4677E98AEDA6F08A /* Pods */,
				3E7635665C6BDC747EE4EBB9 /* Frameworks */,
			);
			sourceTree = "<group>";
		};
		230CF26A1E2EA31A001C0606 /* Products */ = {
			isa = PBXGroup;
			children = (
				230CF2691E2EA31A001C0606 /* Haha Stream.app */,
				230CF2851E2EA711001C0606 /* HahaStreamUnitTests.xctest */,
				23246CC61E3E60440057FA63 /* Haha Extension.appex */,
			);
			name = Products;
			sourceTree = "<group>";
		};
		230CF26B1E2EA31A001C0606 /* Haha Stream */ = {
			isa = PBXGroup;
			children = (
				23246CE11E3E854E0057FA63 /* Haha Stream.entitlements */,
				233F4C121E32B05600786A5C /* README.md */,
				23DBFAE21E305D5900E276EB /* Features */,
				230CF27C1E2EA40F001C0606 /* HahaProvider */,
				23DBFB0E1E311C1F00E276EB /* Extensions */,
				230CF2731E2EA31A001C0606 /* Assets.xcassets */,
				230CF2751E2EA31A001C0606 /* Info.plist */,
			);
			path = "Haha Stream";
			sourceTree = "<group>";
		};
		230CF27C1E2EA40F001C0606 /* HahaProvider */ = {
			isa = PBXGroup;
			children = (
				230CF28F1E2EAAA2001C0606 /* HahaProvider.swift */,
				230CF27D1E2EA433001C0606 /* HahaService.swift */,
				237C25D51F861E5000987DF2 /* Dictionary+KeyPath.swift */,
				238F0D911E30350F00AF9351 /* Models */,
			);
			name = HahaProvider;
			sourceTree = "<group>";
		};
		230CF2861E2EA711001C0606 /* HahaStreamUnitTests */ = {
			isa = PBXGroup;
			children = (
				230CF2891E2EA711001C0606 /* Info.plist */,
				23F6951E1E3274FC00B8E4FB /* Config.plist */,
				23F6951C1E3270CA00B8E4FB /* HahaProviderTest.swift */,
				23F6951B1E3270CA00B8E4FB /* HahaStreamUnitTests-Bridging-Header.h */,
			);
			path = HahaStreamUnitTests;
			sourceTree = "<group>";
		};
		23246CC91E3E60440057FA63 /* Haha Extension */ = {
			isa = PBXGroup;
			children = (
				23246CE21E3E85BE0057FA63 /* Haha Extension.entitlements */,
				23246CCA1E3E60440057FA63 /* ServiceProvider.swift */,
				23246CCC1E3E60440057FA63 /* Info.plist */,
			);
			path = "Haha Extension";
			sourceTree = "<group>";
		};
		232FBF7D1E40143A00294D26 /* Loading */ = {
			isa = PBXGroup;
			children = (
				232FBF7E1E40143A00294D26 /* Loading.storyboard */,
				232FBF7F1E40143A00294D26 /* LoadingViewController.swift */,
			);
			name = Loading;
			path = "Haha Stream/Features/Loading";
			sourceTree = SOURCE_ROOT;
		};
		2355AD501E32926800EAEF02 /* Now Playing */ = {
			isa = PBXGroup;
			children = (
				23D857591F8D6CFE00433790 /* NowPlayingInteractor.swift */,
				2355AD511E32926800EAEF02 /* NowPlaying.storyboard */,
				2355AD521E32926800EAEF02 /* NowPlayingViewCell.swift */,
				2355AD531E32926800EAEF02 /* NowPlayingViewController.swift */,
			);
			name = "Now Playing";
			path = "Features/Now Playing";
			sourceTree = "<group>";
		};
		238F0D911E30350F00AF9351 /* Models */ = {
			isa = PBXGroup;
			children = (
				23DBFB021E30607000E276EB /* FromDictable.swift */,
				23DBFB031E30607000E276EB /* Game.swift */,
				2307A8BF1E3442B3002F0061 /* NowPlayingItem.swift */,
				23DBFB041E30607000E276EB /* HahaError.swift */,
				23DBFB051E30607000E276EB /* Sport.swift */,
				2349258F1F841ED20071185A /* StreamMeta.swift */,
				23DBFB061E30607000E276EB /* Stream.swift */,
				2366E4391F863C350037D4A7 /* Team.swift */,
				2366E4361F8639840037D4A7 /* StreamURL.swift */,
				23148CF21F840AC20063B404 /* DeviceKey.swift */,
				2349258C1F8412F50071185A /* DeviceActivation.swift */,
				23E7462F1E33F9AE00498A08 /* VCS.swift */,
				233F4C131E32B5E100786A5C /* Channel.swift */,
			);
			name = Models;
			sourceTree = "<group>";
		};
		23C626AE1E341A2F00BDDACE /* VCS */ = {
			isa = PBXGroup;
			children = (
				23C626AF1E341A2F00BDDACE /* VCS.storyboard */,
				23C1DE451E372DDF00E53954 /* VCSChannelListViewController.swift */,
				23C1DE491E37371800E53954 /* VCSChannelListCell.swift */,
				23C1DE471E372F6C00E53954 /* VCSViewController.swift */,
			);
			name = VCS;
			path = Features/VCS;
			sourceTree = "<group>";
		};
		23C626B51E3426B600BDDACE /* Player */ = {
			isa = PBXGroup;
			children = (
				23C626B61E3426DA00BDDACE /* PlayerViewController.swift */,
				23C626BA1E342B2100BDDACE /* ViewController+Player.swift */,
				23C626B81E3426EB00BDDACE /* Player.storyboard */,
				23C1DE3F1E34736100E53954 /* PlayerOverlayView.swift */,
				23C1DE3D1E34708C00E53954 /* PlayerOverlayView.xib */,
			);
			name = Player;
			sourceTree = "<group>";
		};
		23C626BC1E342C0900BDDACE /* Core */ = {
			isa = PBXGroup;
			children = (
				23C626C11E34383600BDDACE /* HahaViewControllers.swift */,
				23C626BF1E34350E00BDDACE /* ViewController+Haha.swift */,
				23C1DE431E372B1B00E53954 /* ViewController+Errors.swift */,
			);
			name = Core;
			path = Features/Core;
			sourceTree = "<group>";
		};
		23DBFAE21E305D5900E276EB /* Features */ = {
			isa = PBXGroup;
			children = (
				23C626BC1E342C0900BDDACE /* Core */,
				23DBFAE31E305D6B00E276EB /* Application */,
				23C626B51E3426B600BDDACE /* Player */,
				23DBFAE51E305DC900E276EB /* Home */,
				232FBF7D1E40143A00294D26 /* Loading */,
				23DBFAE61E305DDF00E276EB /* Login */,
				2355AD501E32926800EAEF02 /* Now Playing */,
				23C626AE1E341A2F00BDDACE /* VCS */,
				23DBFAE41E305DA400E276EB /* Sport */,
			);
			name = Features;
			sourceTree = "<group>";
		};
		23DBFAE31E305D6B00E276EB /* Application */ = {
			isa = PBXGroup;
			children = (
				23DBFAEA1E30602500E276EB /* AppDelegate.swift */,
				23DBFAEB1E30602500E276EB /* AppProvider.swift */,
				23DBFAEC1E30602500E276EB /* AppRouter.swift */,
			);
			name = Application;
			sourceTree = "<group>";
		};
		23DBFAE41E305DA400E276EB /* Sport */ = {
			isa = PBXGroup;
			children = (
				23DBFAFB1E30604200E276EB /* Sport.storyboard */,
				23DBFAF81E30604200E276EB /* DateListViewController.swift */,
				23DBFAF91E30604200E276EB /* GamesViewCell.swift */,
				23DBFAFA1E30604200E276EB /* GamesViewController.swift */,
				23DBFAFC1E30604200E276EB /* SportViewController.swift */,
			);
			name = Sport;
			sourceTree = "<group>";
		};
		23DBFAE51E305DC900E276EB /* Home */ = {
			isa = PBXGroup;
			children = (
				23DBFAF41E30603900E276EB /* Home.storyboard */,
				23DBFAF51E30603900E276EB /* HomeViewController.swift */,
			);
			name = Home;
			sourceTree = "<group>";
		};
		23DBFAE61E305DDF00E276EB /* Login */ = {
			isa = PBXGroup;
			children = (
				23DBFAF01E30603000E276EB /* Login.storyboard */,
				23DBFAF11E30603000E276EB /* LoginViewController.swift */,
				2342FC521F8544EC00D0C295 /* LoginInteractor.swift */,
			);
			name = Login;
			sourceTree = "<group>";
		};
		23DBFB0E1E311C1F00E276EB /* Extensions */ = {
			isa = PBXGroup;
			children = (
				232FBF771E3FDBB600294D26 /* LocalImage.swift */,
				23246D051E3FBF080057FA63 /* Game+LocalImage.swift */,
				232FBF741E3FD9B100294D26 /* Channel+LocalImage.swift */,
				23DBFB0F1E311C1F00E276EB /* Date.swift */,
			);
			path = Extensions;
			sourceTree = "<group>";
		};
		3E7635665C6BDC747EE4EBB9 /* Frameworks */ = {
			isa = PBXGroup;
			children = (
				48E8E50259AC4BE738873F72 /* Pods_Haha_Stream.framework */,
				EA8F884DFF693A84A64CB7B5 /* Pods_HahaStreamUnitTests.framework */,
				23246CC71E3E60440057FA63 /* TVServices.framework */,
				F99625038561208E4127B3BC /* Pods_Haha_Extension.framework */,
			);
			name = Frameworks;
			sourceTree = "<group>";
		};
		DE7BE6BC4677E98AEDA6F08A /* Pods */ = {
			isa = PBXGroup;
			children = (
				81A4AC4D58EE3FC972EF61F3 /* Pods-Haha Stream.debug.xcconfig */,
				97D996BDD1273D20B05E984F /* Pods-Haha Stream.release.xcconfig */,
				E75F4C1D75835102C2340A0F /* Pods-HahaStreamUnitTests.debug.xcconfig */,
				539728FC1EEC4FF7101EB772 /* Pods-HahaStreamUnitTests.release.xcconfig */,
				6DC5C4978513D0F257C67E0E /* Pods-Haha Extension.debug.xcconfig */,
				86C680C896595D1639158EAC /* Pods-Haha Extension.release.xcconfig */,
			);
			name = Pods;
			sourceTree = "<group>";
		};
/* End PBXGroup section */

/* Begin PBXNativeTarget section */
		230CF2681E2EA31A001C0606 /* Haha Stream */ = {
			isa = PBXNativeTarget;
			buildConfigurationList = 230CF2781E2EA31A001C0606 /* Build configuration list for PBXNativeTarget "Haha Stream" */;
			buildPhases = (
				F5B467B61F51514B32D3FA75 /* [CP] Check Pods Manifest.lock */,
				230CF2651E2EA31A001C0606 /* Sources */,
				230CF2661E2EA31A001C0606 /* Frameworks */,
				230CF2671E2EA31A001C0606 /* Resources */,
				254CD0CEB6A54C042757C5B8 /* [CP] Embed Pods Frameworks */,
				B4710AE7BC68052BB73648E6 /* [CP] Copy Pods Resources */,
				23246CD31E3E60440057FA63 /* Embed App Extensions */,
			);
			buildRules = (
			);
			dependencies = (
				23246CCE1E3E60440057FA63 /* PBXTargetDependency */,
			);
			name = "Haha Stream";
			productName = "Haha Stream";
			productReference = 230CF2691E2EA31A001C0606 /* Haha Stream.app */;
			productType = "com.apple.product-type.application";
		};
		230CF2841E2EA711001C0606 /* HahaStreamUnitTests */ = {
			isa = PBXNativeTarget;
			buildConfigurationList = 230CF28C1E2EA711001C0606 /* Build configuration list for PBXNativeTarget "HahaStreamUnitTests" */;
			buildPhases = (
				5B9D8F46F8A0CC7AC3005CBB /* [CP] Check Pods Manifest.lock */,
				230CF2811E2EA711001C0606 /* Sources */,
				230CF2821E2EA711001C0606 /* Frameworks */,
				230CF2831E2EA711001C0606 /* Resources */,
				1BBF3712916F9C02B46B6BED /* [CP] Embed Pods Frameworks */,
				5826E59C050AF562AB546529 /* [CP] Copy Pods Resources */,
			);
			buildRules = (
			);
			dependencies = (
				230CF28B1E2EA711001C0606 /* PBXTargetDependency */,
			);
			name = HahaStreamUnitTests;
			productName = HahaStreamUnitTests;
			productReference = 230CF2851E2EA711001C0606 /* HahaStreamUnitTests.xctest */;
			productType = "com.apple.product-type.bundle.unit-test";
		};
		23246CC51E3E60440057FA63 /* Haha Extension */ = {
			isa = PBXNativeTarget;
			buildConfigurationList = 23246CD21E3E60440057FA63 /* Build configuration list for PBXNativeTarget "Haha Extension" */;
			buildPhases = (
				AE11F6E75E12D5896474A5F5 /* [CP] Check Pods Manifest.lock */,
				23246CC21E3E60440057FA63 /* Sources */,
				23246CC31E3E60440057FA63 /* Frameworks */,
				23246CC41E3E60440057FA63 /* Resources */,
				689DD4742B8FB94D61B937AE /* [CP] Copy Pods Resources */,
			);
			buildRules = (
			);
			dependencies = (
			);
			name = "Haha Extension";
			productName = "Haha Extension";
			productReference = 23246CC61E3E60440057FA63 /* Haha Extension.appex */;
			productType = "com.apple.product-type.tv-app-extension";
		};
/* End PBXNativeTarget section */

/* Begin PBXProject section */
		230CF2611E2EA31A001C0606 /* Project object */ = {
			isa = PBXProject;
			attributes = {
				LastSwiftUpdateCheck = 0820;
				LastUpgradeCheck = 0900;
				ORGANIZATIONNAME = "WFT Productions LLC";
				TargetAttributes = {
					230CF2681E2EA31A001C0606 = {
						CreatedOnToolsVersion = 8.2.1;
						DevelopmentTeam = 9MQ56B2838;
						LastSwiftMigration = 0900;
						ProvisioningStyle = Automatic;
						SystemCapabilities = {
							com.apple.ApplicationGroups.iOS = {
								enabled = 1;
							};
						};
					};
					230CF2841E2EA711001C0606 = {
						CreatedOnToolsVersion = 8.2.1;
						DevelopmentTeam = 9MQ56B2838;
						LastSwiftMigration = 0900;
						ProvisioningStyle = Automatic;
						TestTargetID = 230CF2681E2EA31A001C0606;
					};
					23246CC51E3E60440057FA63 = {
						CreatedOnToolsVersion = 8.2.1;
						DevelopmentTeam = 9MQ56B2838;
						LastSwiftMigration = 0900;
						ProvisioningStyle = Automatic;
						SystemCapabilities = {
							com.apple.ApplicationGroups.iOS = {
								enabled = 1;
							};
						};
					};
				};
			};
			buildConfigurationList = 230CF2641E2EA31A001C0606 /* Build configuration list for PBXProject "Haha Stream" */;
			compatibilityVersion = "Xcode 3.2";
			developmentRegion = English;
			hasScannedForEncodings = 0;
			knownRegions = (
				en,
				Base,
			);
			mainGroup = 230CF2601E2EA31A001C0606;
			productRefGroup = 230CF26A1E2EA31A001C0606 /* Products */;
			projectDirPath = "";
			projectRoot = "";
			targets = (
				230CF2681E2EA31A001C0606 /* Haha Stream */,
				230CF2841E2EA711001C0606 /* HahaStreamUnitTests */,
				23246CC51E3E60440057FA63 /* Haha Extension */,
			);
		};
/* End PBXProject section */

/* Begin PBXResourcesBuildPhase section */
		230CF2671E2EA31A001C0606 /* Resources */ = {
			isa = PBXResourcesBuildPhase;
			buildActionMask = 2147483647;
			files = (
				232FBF801E40143A00294D26 /* Loading.storyboard in Resources */,
				23DBFAF61E30603900E276EB /* Home.storyboard in Resources */,
				23DBFAF21E30603000E276EB /* Login.storyboard in Resources */,
				230CF2741E2EA31A001C0606 /* Assets.xcassets in Resources */,
				23DBFB001E30604200E276EB /* Sport.storyboard in Resources */,
				2355AD541E32926800EAEF02 /* NowPlaying.storyboard in Resources */,
				23C1DE3E1E34708C00E53954 /* PlayerOverlayView.xib in Resources */,
				23C626B91E3426EB00BDDACE /* Player.storyboard in Resources */,
				23C626B21E341A2F00BDDACE /* VCS.storyboard in Resources */,
			);
			runOnlyForDeploymentPostprocessing = 0;
		};
		230CF2831E2EA711001C0606 /* Resources */ = {
			isa = PBXResourcesBuildPhase;
			buildActionMask = 2147483647;
			files = (
				23F6951F1E3274FC00B8E4FB /* Config.plist in Resources */,
			);
			runOnlyForDeploymentPostprocessing = 0;
		};
		23246CC41E3E60440057FA63 /* Resources */ = {
			isa = PBXResourcesBuildPhase;
			buildActionMask = 2147483647;
			files = (
			);
			runOnlyForDeploymentPostprocessing = 0;
		};
/* End PBXResourcesBuildPhase section */

/* Begin PBXShellScriptBuildPhase section */
		1BBF3712916F9C02B46B6BED /* [CP] Embed Pods Frameworks */ = {
			isa = PBXShellScriptBuildPhase;
			buildActionMask = 2147483647;
			files = (
			);
			inputPaths = (
			);
			name = "[CP] Embed Pods Frameworks";
			outputPaths = (
			);
			runOnlyForDeploymentPostprocessing = 0;
			shellPath = /bin/sh;
			shellScript = "\"${SRCROOT}/Pods/Target Support Files/Pods-HahaStreamUnitTests/Pods-HahaStreamUnitTests-frameworks.sh\"\n";
			showEnvVarsInLog = 0;
		};
		254CD0CEB6A54C042757C5B8 /* [CP] Embed Pods Frameworks */ = {
			isa = PBXShellScriptBuildPhase;
			buildActionMask = 2147483647;
			files = (
			);
			inputPaths = (
				"${SRCROOT}/Pods/Target Support Files/Pods-Haha Stream/Pods-Haha Stream-frameworks.sh",
				"${BUILT_PRODUCTS_DIR}/Alamofire/Alamofire.framework",
				"${BUILT_PRODUCTS_DIR}/Kingfisher/Kingfisher.framework",
				"${BUILT_PRODUCTS_DIR}/Moya/Moya.framework",
				"${BUILT_PRODUCTS_DIR}/Result/Result.framework",
			);
			name = "[CP] Embed Pods Frameworks";
			outputPaths = (
				"${TARGET_BUILD_DIR}/${FRAMEWORKS_FOLDER_PATH}/Alamofire.framework",
				"${TARGET_BUILD_DIR}/${FRAMEWORKS_FOLDER_PATH}/Kingfisher.framework",
				"${TARGET_BUILD_DIR}/${FRAMEWORKS_FOLDER_PATH}/Moya.framework",
				"${TARGET_BUILD_DIR}/${FRAMEWORKS_FOLDER_PATH}/Result.framework",
			);
			runOnlyForDeploymentPostprocessing = 0;
			shellPath = /bin/sh;
			shellScript = "\"${SRCROOT}/Pods/Target Support Files/Pods-Haha Stream/Pods-Haha Stream-frameworks.sh\"\n";
			showEnvVarsInLog = 0;
		};
		5826E59C050AF562AB546529 /* [CP] Copy Pods Resources */ = {
			isa = PBXShellScriptBuildPhase;
			buildActionMask = 2147483647;
			files = (
			);
			inputPaths = (
			);
			name = "[CP] Copy Pods Resources";
			outputPaths = (
			);
			runOnlyForDeploymentPostprocessing = 0;
			shellPath = /bin/sh;
			shellScript = "\"${SRCROOT}/Pods/Target Support Files/Pods-HahaStreamUnitTests/Pods-HahaStreamUnitTests-resources.sh\"\n";
			showEnvVarsInLog = 0;
		};
		5B9D8F46F8A0CC7AC3005CBB /* [CP] Check Pods Manifest.lock */ = {
			isa = PBXShellScriptBuildPhase;
			buildActionMask = 2147483647;
			files = (
			);
			inputPaths = (
				"${PODS_PODFILE_DIR_PATH}/Podfile.lock",
				"${PODS_ROOT}/Manifest.lock",
			);
			name = "[CP] Check Pods Manifest.lock";
			outputPaths = (
				"$(DERIVED_FILE_DIR)/Pods-HahaStreamUnitTests-checkManifestLockResult.txt",
			);
			runOnlyForDeploymentPostprocessing = 0;
			shellPath = /bin/sh;
			shellScript = "diff \"${PODS_PODFILE_DIR_PATH}/Podfile.lock\" \"${PODS_ROOT}/Manifest.lock\" > /dev/null\nif [ $? != 0 ] ; then\n    # print error to STDERR\n    echo \"error: The sandbox is not in sync with the Podfile.lock. Run 'pod install' or update your CocoaPods installation.\" >&2\n    exit 1\nfi\n# This output is used by Xcode 'outputs' to avoid re-running this script phase.\necho \"SUCCESS\" > \"${SCRIPT_OUTPUT_FILE_0}\"\n";
			showEnvVarsInLog = 0;
		};
		689DD4742B8FB94D61B937AE /* [CP] Copy Pods Resources */ = {
			isa = PBXShellScriptBuildPhase;
			buildActionMask = 2147483647;
			files = (
			);
			inputPaths = (
			);
			name = "[CP] Copy Pods Resources";
			outputPaths = (
			);
			runOnlyForDeploymentPostprocessing = 0;
			shellPath = /bin/sh;
			shellScript = "\"${SRCROOT}/Pods/Target Support Files/Pods-Haha Extension/Pods-Haha Extension-resources.sh\"\n";
			showEnvVarsInLog = 0;
		};
		AE11F6E75E12D5896474A5F5 /* [CP] Check Pods Manifest.lock */ = {
			isa = PBXShellScriptBuildPhase;
			buildActionMask = 2147483647;
			files = (
			);
			inputPaths = (
				"${PODS_PODFILE_DIR_PATH}/Podfile.lock",
				"${PODS_ROOT}/Manifest.lock",
			);
			name = "[CP] Check Pods Manifest.lock";
			outputPaths = (
				"$(DERIVED_FILE_DIR)/Pods-Haha Extension-checkManifestLockResult.txt",
			);
			runOnlyForDeploymentPostprocessing = 0;
			shellPath = /bin/sh;
			shellScript = "diff \"${PODS_PODFILE_DIR_PATH}/Podfile.lock\" \"${PODS_ROOT}/Manifest.lock\" > /dev/null\nif [ $? != 0 ] ; then\n    # print error to STDERR\n    echo \"error: The sandbox is not in sync with the Podfile.lock. Run 'pod install' or update your CocoaPods installation.\" >&2\n    exit 1\nfi\n# This output is used by Xcode 'outputs' to avoid re-running this script phase.\necho \"SUCCESS\" > \"${SCRIPT_OUTPUT_FILE_0}\"\n";
			showEnvVarsInLog = 0;
		};
		B4710AE7BC68052BB73648E6 /* [CP] Copy Pods Resources */ = {
			isa = PBXShellScriptBuildPhase;
			buildActionMask = 2147483647;
			files = (
			);
			inputPaths = (
			);
			name = "[CP] Copy Pods Resources";
			outputPaths = (
			);
			runOnlyForDeploymentPostprocessing = 0;
			shellPath = /bin/sh;
			shellScript = "\"${SRCROOT}/Pods/Target Support Files/Pods-Haha Stream/Pods-Haha Stream-resources.sh\"\n";
			showEnvVarsInLog = 0;
		};
		F5B467B61F51514B32D3FA75 /* [CP] Check Pods Manifest.lock */ = {
			isa = PBXShellScriptBuildPhase;
			buildActionMask = 2147483647;
			files = (
			);
			inputPaths = (
				"${PODS_PODFILE_DIR_PATH}/Podfile.lock",
				"${PODS_ROOT}/Manifest.lock",
			);
			name = "[CP] Check Pods Manifest.lock";
			outputPaths = (
				"$(DERIVED_FILE_DIR)/Pods-Haha Stream-checkManifestLockResult.txt",
			);
			runOnlyForDeploymentPostprocessing = 0;
			shellPath = /bin/sh;
			shellScript = "diff \"${PODS_PODFILE_DIR_PATH}/Podfile.lock\" \"${PODS_ROOT}/Manifest.lock\" > /dev/null\nif [ $? != 0 ] ; then\n    # print error to STDERR\n    echo \"error: The sandbox is not in sync with the Podfile.lock. Run 'pod install' or update your CocoaPods installation.\" >&2\n    exit 1\nfi\n# This output is used by Xcode 'outputs' to avoid re-running this script phase.\necho \"SUCCESS\" > \"${SCRIPT_OUTPUT_FILE_0}\"\n";
			showEnvVarsInLog = 0;
		};
/* End PBXShellScriptBuildPhase section */

/* Begin PBXSourcesBuildPhase section */
		230CF2651E2EA31A001C0606 /* Sources */ = {
			isa = PBXSourcesBuildPhase;
			buildActionMask = 2147483647;
			files = (
				23C1DE461E372DDF00E53954 /* VCSChannelListViewController.swift in Sources */,
				23C1DE401E34736100E53954 /* PlayerOverlayView.swift in Sources */,
				23C626C21E34383600BDDACE /* HahaViewControllers.swift in Sources */,
				23DBFAFF1E30604200E276EB /* GamesViewController.swift in Sources */,
				23DBFAF31E30603000E276EB /* LoginViewController.swift in Sources */,
				23C1DE481E372F6C00E53954 /* VCSViewController.swift in Sources */,
				230CF27E1E2EA433001C0606 /* HahaService.swift in Sources */,
				23DBFB071E30607000E276EB /* FromDictable.swift in Sources */,
				23E746301E33F9AE00498A08 /* VCS.swift in Sources */,
				232FBF751E3FD9B100294D26 /* Channel+LocalImage.swift in Sources */,
				23DBFB0B1E30607000E276EB /* Stream.swift in Sources */,
				230CF2901E2EAAA2001C0606 /* HahaProvider.swift in Sources */,
				23C1DE421E372A3600E53954 /* (null) in Sources */,
				23DBFB091E30607000E276EB /* HahaError.swift in Sources */,
				233F4C141E32B5E100786A5C /* Channel.swift in Sources */,
				23DBFAED1E30602500E276EB /* AppDelegate.swift in Sources */,
				2307A8C01E3442B3002F0061 /* NowPlayingItem.swift in Sources */,
				23148CF31F840AC20063B404 /* DeviceKey.swift in Sources */,
				23C626B71E3426DA00BDDACE /* PlayerViewController.swift in Sources */,
				2366E4371F8639840037D4A7 /* StreamURL.swift in Sources */,
				23DBFAEE1E30602500E276EB /* AppProvider.swift in Sources */,
				23DBFAFD1E30604200E276EB /* DateListViewController.swift in Sources */,
				2366E43A1F863C350037D4A7 /* Team.swift in Sources */,
				232FBF781E3FDBB600294D26 /* LocalImage.swift in Sources */,
				23DBFB081E30607000E276EB /* Game.swift in Sources */,
				23C1DE4A1E37371800E53954 /* VCSChannelListCell.swift in Sources */,
				232FBF811E40143A00294D26 /* LoadingViewController.swift in Sources */,
				234925901F841ED20071185A /* StreamMeta.swift in Sources */,
				23D8575A1F8D6CFE00433790 /* NowPlayingInteractor.swift in Sources */,
				23DBFAEF1E30602500E276EB /* AppRouter.swift in Sources */,
				23C626C01E34350E00BDDACE /* ViewController+Haha.swift in Sources */,
				2342FC531F8544EC00D0C295 /* LoginInteractor.swift in Sources */,
				237C25D61F861E5000987DF2 /* Dictionary+KeyPath.swift in Sources */,
				2349258D1F8412F50071185A /* DeviceActivation.swift in Sources */,
				23246D061E3FBF080057FA63 /* Game+LocalImage.swift in Sources */,
				23DBFB011E30604200E276EB /* SportViewController.swift in Sources */,
				23DBFAFE1E30604200E276EB /* GamesViewCell.swift in Sources */,
				23C626BB1E342B2100BDDACE /* ViewController+Player.swift in Sources */,
				2355AD551E32926800EAEF02 /* NowPlayingViewCell.swift in Sources */,
				23DBFB111E311C1F00E276EB /* Date.swift in Sources */,
				2355AD561E32926800EAEF02 /* NowPlayingViewController.swift in Sources */,
				23C1DE441E372B1B00E53954 /* ViewController+Errors.swift in Sources */,
				23DBFB0A1E30607000E276EB /* Sport.swift in Sources */,
				23DBFAF71E30603900E276EB /* HomeViewController.swift in Sources */,
			);
			runOnlyForDeploymentPostprocessing = 0;
		};
		230CF2811E2EA711001C0606 /* Sources */ = {
			isa = PBXSourcesBuildPhase;
			buildActionMask = 2147483647;
			files = (
				23F6951D1E3270CA00B8E4FB /* HahaProviderTest.swift in Sources */,
			);
			runOnlyForDeploymentPostprocessing = 0;
		};
		23246CC21E3E60440057FA63 /* Sources */ = {
			isa = PBXSourcesBuildPhase;
			buildActionMask = 2147483647;
			files = (
				23246CDF1E3E68C90057FA63 /* AppProvider.swift in Sources */,
				2366E4381F8639FC0037D4A7 /* StreamURL.swift in Sources */,
				23246CDD1E3E63AD0057FA63 /* Stream.swift in Sources */,
				23246CDB1E3E63AD0057FA63 /* VCS.swift in Sources */,
				23148CF41F840D1B0063B404 /* DeviceKey.swift in Sources */,
				23246CDC1E3E63AD0057FA63 /* Channel.swift in Sources */,
				23246CD51E3E63AD0057FA63 /* HahaService.swift in Sources */,
				2366E4351F862BB40037D4A7 /* Dictionary+KeyPath.swift in Sources */,
				23246CD91E3E63AD0057FA63 /* HahaError.swift in Sources */,
				2366E43B1F863C350037D4A7 /* Team.swift in Sources */,
				23246CD71E3E63AD0057FA63 /* Game.swift in Sources */,
				234925931F84247D0071185A /* HahaProvider.swift in Sources */,
				23246CD61E3E63AD0057FA63 /* FromDictable.swift in Sources */,
				234925911F841ED20071185A /* StreamMeta.swift in Sources */,
				23246D071E3FBF080057FA63 /* Game+LocalImage.swift in Sources */,
				232FBF791E3FDBB600294D26 /* LocalImage.swift in Sources */,
				23246CD81E3E63AD0057FA63 /* NowPlayingItem.swift in Sources */,
				2349258E1F8412F50071185A /* DeviceActivation.swift in Sources */,
				232FBF761E3FD9B100294D26 /* Channel+LocalImage.swift in Sources */,
				23246CDA1E3E63AD0057FA63 /* Sport.swift in Sources */,
				23246CCB1E3E60440057FA63 /* ServiceProvider.swift in Sources */,
			);
			runOnlyForDeploymentPostprocessing = 0;
		};
/* End PBXSourcesBuildPhase section */

/* Begin PBXTargetDependency section */
		230CF28B1E2EA711001C0606 /* PBXTargetDependency */ = {
			isa = PBXTargetDependency;
			target = 230CF2681E2EA31A001C0606 /* Haha Stream */;
			targetProxy = 230CF28A1E2EA711001C0606 /* PBXContainerItemProxy */;
		};
		23246CCE1E3E60440057FA63 /* PBXTargetDependency */ = {
			isa = PBXTargetDependency;
			target = 23246CC51E3E60440057FA63 /* Haha Extension */;
			targetProxy = 23246CCD1E3E60440057FA63 /* PBXContainerItemProxy */;
		};
/* End PBXTargetDependency section */

/* Begin XCBuildConfiguration section */
		230CF2761E2EA31A001C0606 /* Debug */ = {
			isa = XCBuildConfiguration;
			buildSettings = {
				ALWAYS_SEARCH_USER_PATHS = NO;
				CLANG_ANALYZER_NONNULL = YES;
				CLANG_CXX_LANGUAGE_STANDARD = "gnu++0x";
				CLANG_CXX_LIBRARY = "libc++";
				CLANG_ENABLE_MODULES = YES;
				CLANG_ENABLE_OBJC_ARC = YES;
				CLANG_WARN_BLOCK_CAPTURE_AUTORELEASING = YES;
				CLANG_WARN_BOOL_CONVERSION = YES;
				CLANG_WARN_COMMA = YES;
				CLANG_WARN_CONSTANT_CONVERSION = YES;
				CLANG_WARN_DIRECT_OBJC_ISA_USAGE = YES_ERROR;
				CLANG_WARN_DOCUMENTATION_COMMENTS = YES;
				CLANG_WARN_EMPTY_BODY = YES;
				CLANG_WARN_ENUM_CONVERSION = YES;
				CLANG_WARN_INFINITE_RECURSION = YES;
				CLANG_WARN_INT_CONVERSION = YES;
				CLANG_WARN_NON_LITERAL_NULL_CONVERSION = YES;
				CLANG_WARN_OBJC_LITERAL_CONVERSION = YES;
				CLANG_WARN_OBJC_ROOT_CLASS = YES_ERROR;
				CLANG_WARN_RANGE_LOOP_ANALYSIS = YES;
				CLANG_WARN_STRICT_PROTOTYPES = YES;
				CLANG_WARN_SUSPICIOUS_MOVE = YES;
				CLANG_WARN_UNREACHABLE_CODE = YES;
				CLANG_WARN__DUPLICATE_METHOD_MATCH = YES;
				COPY_PHASE_STRIP = NO;
				DEBUG_INFORMATION_FORMAT = dwarf;
				ENABLE_STRICT_OBJC_MSGSEND = YES;
				ENABLE_TESTABILITY = YES;
				GCC_C_LANGUAGE_STANDARD = gnu99;
				GCC_DYNAMIC_NO_PIC = NO;
				GCC_NO_COMMON_BLOCKS = YES;
				GCC_OPTIMIZATION_LEVEL = 0;
				GCC_PREPROCESSOR_DEFINITIONS = (
					"DEBUG=1",
					"$(inherited)",
				);
				GCC_WARN_64_TO_32_BIT_CONVERSION = YES;
				GCC_WARN_ABOUT_RETURN_TYPE = YES_ERROR;
				GCC_WARN_UNDECLARED_SELECTOR = YES;
				GCC_WARN_UNINITIALIZED_AUTOS = YES_AGGRESSIVE;
				GCC_WARN_UNUSED_FUNCTION = YES;
				GCC_WARN_UNUSED_VARIABLE = YES;
				MTL_ENABLE_DEBUG_INFO = YES;
				ONLY_ACTIVE_ARCH = YES;
				SDKROOT = appletvos;
				SWIFT_ACTIVE_COMPILATION_CONDITIONS = DEBUG;
				SWIFT_OPTIMIZATION_LEVEL = "-Onone";
				TARGETED_DEVICE_FAMILY = 3;
				TVOS_DEPLOYMENT_TARGET = 10.1;
			};
			name = Debug;
		};
		230CF2771E2EA31A001C0606 /* Release */ = {
			isa = XCBuildConfiguration;
			buildSettings = {
				ALWAYS_SEARCH_USER_PATHS = NO;
				CLANG_ANALYZER_NONNULL = YES;
				CLANG_CXX_LANGUAGE_STANDARD = "gnu++0x";
				CLANG_CXX_LIBRARY = "libc++";
				CLANG_ENABLE_MODULES = YES;
				CLANG_ENABLE_OBJC_ARC = YES;
				CLANG_WARN_BLOCK_CAPTURE_AUTORELEASING = YES;
				CLANG_WARN_BOOL_CONVERSION = YES;
				CLANG_WARN_COMMA = YES;
				CLANG_WARN_CONSTANT_CONVERSION = YES;
				CLANG_WARN_DIRECT_OBJC_ISA_USAGE = YES_ERROR;
				CLANG_WARN_DOCUMENTATION_COMMENTS = YES;
				CLANG_WARN_EMPTY_BODY = YES;
				CLANG_WARN_ENUM_CONVERSION = YES;
				CLANG_WARN_INFINITE_RECURSION = YES;
				CLANG_WARN_INT_CONVERSION = YES;
				CLANG_WARN_NON_LITERAL_NULL_CONVERSION = YES;
				CLANG_WARN_OBJC_LITERAL_CONVERSION = YES;
				CLANG_WARN_OBJC_ROOT_CLASS = YES_ERROR;
				CLANG_WARN_RANGE_LOOP_ANALYSIS = YES;
				CLANG_WARN_STRICT_PROTOTYPES = YES;
				CLANG_WARN_SUSPICIOUS_MOVE = YES;
				CLANG_WARN_UNREACHABLE_CODE = YES;
				CLANG_WARN__DUPLICATE_METHOD_MATCH = YES;
				COPY_PHASE_STRIP = NO;
				DEBUG_INFORMATION_FORMAT = "dwarf-with-dsym";
				ENABLE_NS_ASSERTIONS = NO;
				ENABLE_STRICT_OBJC_MSGSEND = YES;
				GCC_C_LANGUAGE_STANDARD = gnu99;
				GCC_NO_COMMON_BLOCKS = YES;
				GCC_WARN_64_TO_32_BIT_CONVERSION = YES;
				GCC_WARN_ABOUT_RETURN_TYPE = YES_ERROR;
				GCC_WARN_UNDECLARED_SELECTOR = YES;
				GCC_WARN_UNINITIALIZED_AUTOS = YES_AGGRESSIVE;
				GCC_WARN_UNUSED_FUNCTION = YES;
				GCC_WARN_UNUSED_VARIABLE = YES;
				MTL_ENABLE_DEBUG_INFO = NO;
				SDKROOT = appletvos;
				SWIFT_OPTIMIZATION_LEVEL = "-Owholemodule";
				TARGETED_DEVICE_FAMILY = 3;
				TVOS_DEPLOYMENT_TARGET = 10.1;
				VALIDATE_PRODUCT = YES;
			};
			name = Release;
		};
		230CF2791E2EA31A001C0606 /* Debug */ = {
			isa = XCBuildConfiguration;
			baseConfigurationReference = 81A4AC4D58EE3FC972EF61F3 /* Pods-Haha Stream.debug.xcconfig */;
			buildSettings = {
				ALWAYS_EMBED_SWIFT_STANDARD_LIBRARIES = "$(inherited)";
				ASSETCATALOG_COMPILER_APPICON_NAME = "App Icon & Top Shelf Image";
				ASSETCATALOG_COMPILER_LAUNCHIMAGE_NAME = LaunchImage;
				CODE_SIGN_ENTITLEMENTS = "Haha Stream/Haha Stream.entitlements";
				DEVELOPMENT_TEAM = 9MQ56B2838;
				INFOPLIST_FILE = "Haha Stream/Info.plist";
				LD_RUNPATH_SEARCH_PATHS = "$(inherited) @executable_path/Frameworks";
				PRODUCT_BUNDLE_IDENTIFIER = "com.wftllc.Haha-Stream";
				PRODUCT_NAME = "$(TARGET_NAME)";
				SWIFT_SWIFT3_OBJC_INFERENCE = Default;
				SWIFT_VERSION = 4.0;
			};
			name = Debug;
		};
		230CF27A1E2EA31A001C0606 /* Release */ = {
			isa = XCBuildConfiguration;
			baseConfigurationReference = 97D996BDD1273D20B05E984F /* Pods-Haha Stream.release.xcconfig */;
			buildSettings = {
				ALWAYS_EMBED_SWIFT_STANDARD_LIBRARIES = "$(inherited)";
				ASSETCATALOG_COMPILER_APPICON_NAME = "App Icon & Top Shelf Image";
				ASSETCATALOG_COMPILER_LAUNCHIMAGE_NAME = LaunchImage;
				CODE_SIGN_ENTITLEMENTS = "Haha Stream/Haha Stream.entitlements";
				DEVELOPMENT_TEAM = 9MQ56B2838;
				INFOPLIST_FILE = "Haha Stream/Info.plist";
				LD_RUNPATH_SEARCH_PATHS = "$(inherited) @executable_path/Frameworks";
				PRODUCT_BUNDLE_IDENTIFIER = "com.wftllc.Haha-Stream";
				PRODUCT_NAME = "$(TARGET_NAME)";
				SWIFT_SWIFT3_OBJC_INFERENCE = Default;
				SWIFT_VERSION = 4.0;
			};
			name = Release;
		};
		230CF28D1E2EA711001C0606 /* Debug */ = {
			isa = XCBuildConfiguration;
			baseConfigurationReference = E75F4C1D75835102C2340A0F /* Pods-HahaStreamUnitTests.debug.xcconfig */;
			buildSettings = {
				ALWAYS_EMBED_SWIFT_STANDARD_LIBRARIES = YES;
				BUNDLE_LOADER = "$(TEST_HOST)";
				CLANG_ENABLE_MODULES = YES;
				DEVELOPMENT_TEAM = 9MQ56B2838;
				INFOPLIST_FILE = HahaStreamUnitTests/Info.plist;
				LD_RUNPATH_SEARCH_PATHS = "$(inherited) @executable_path/Frameworks @loader_path/Frameworks";
				PRODUCT_BUNDLE_IDENTIFIER = com.wftllc.HahaStreamUnitTests;
				PRODUCT_NAME = "$(TARGET_NAME)";
				SWIFT_OBJC_BRIDGING_HEADER = "HahaStreamUnitTests/HahaStreamUnitTests-Bridging-Header.h";
				SWIFT_OPTIMIZATION_LEVEL = "-Onone";
				SWIFT_SWIFT3_OBJC_INFERENCE = Default;
				SWIFT_VERSION = 4.0;
				TEST_HOST = "$(BUILT_PRODUCTS_DIR)/Haha Stream.app/Haha Stream";
			};
			name = Debug;
		};
		230CF28E1E2EA711001C0606 /* Release */ = {
			isa = XCBuildConfiguration;
			baseConfigurationReference = 539728FC1EEC4FF7101EB772 /* Pods-HahaStreamUnitTests.release.xcconfig */;
			buildSettings = {
				ALWAYS_EMBED_SWIFT_STANDARD_LIBRARIES = YES;
				BUNDLE_LOADER = "$(TEST_HOST)";
				CLANG_ENABLE_MODULES = YES;
				DEVELOPMENT_TEAM = 9MQ56B2838;
				INFOPLIST_FILE = HahaStreamUnitTests/Info.plist;
				LD_RUNPATH_SEARCH_PATHS = "$(inherited) @executable_path/Frameworks @loader_path/Frameworks";
				PRODUCT_BUNDLE_IDENTIFIER = com.wftllc.HahaStreamUnitTests;
				PRODUCT_NAME = "$(TARGET_NAME)";
				SWIFT_OBJC_BRIDGING_HEADER = "HahaStreamUnitTests/HahaStreamUnitTests-Bridging-Header.h";
				SWIFT_SWIFT3_OBJC_INFERENCE = Default;
				SWIFT_VERSION = 4.0;
				TEST_HOST = "$(BUILT_PRODUCTS_DIR)/Haha Stream.app/Haha Stream";
			};
			name = Release;
		};
		23246CD01E3E60440057FA63 /* Debug */ = {
			isa = XCBuildConfiguration;
			baseConfigurationReference = 6DC5C4978513D0F257C67E0E /* Pods-Haha Extension.debug.xcconfig */;
			buildSettings = {
				CODE_SIGN_ENTITLEMENTS = "Haha Extension/Haha Extension.entitlements";
				DEVELOPMENT_TEAM = 9MQ56B2838;
				INFOPLIST_FILE = "Haha Extension/Info.plist";
				LD_RUNPATH_SEARCH_PATHS = "$(inherited) @executable_path/Frameworks @executable_path/../../Frameworks";
				PRODUCT_BUNDLE_IDENTIFIER = "com.wftllc.Haha-Stream.Haha-Extension";
				PRODUCT_NAME = "$(TARGET_NAME)";
				SKIP_INSTALL = YES;
				SWIFT_SWIFT3_OBJC_INFERENCE = Default;
				SWIFT_VERSION = 4.0;
			};
			name = Debug;
		};
		23246CD11E3E60440057FA63 /* Release */ = {
			isa = XCBuildConfiguration;
			baseConfigurationReference = 86C680C896595D1639158EAC /* Pods-Haha Extension.release.xcconfig */;
			buildSettings = {
				CODE_SIGN_ENTITLEMENTS = "Haha Extension/Haha Extension.entitlements";
				DEVELOPMENT_TEAM = 9MQ56B2838;
				INFOPLIST_FILE = "Haha Extension/Info.plist";
				LD_RUNPATH_SEARCH_PATHS = "$(inherited) @executable_path/Frameworks @executable_path/../../Frameworks";
				PRODUCT_BUNDLE_IDENTIFIER = "com.wftllc.Haha-Stream.Haha-Extension";
				PRODUCT_NAME = "$(TARGET_NAME)";
				SKIP_INSTALL = YES;
				SWIFT_SWIFT3_OBJC_INFERENCE = Default;
				SWIFT_VERSION = 4.0;
			};
			name = Release;
		};
/* End XCBuildConfiguration section */

/* Begin XCConfigurationList section */
		230CF2641E2EA31A001C0606 /* Build configuration list for PBXProject "Haha Stream" */ = {
			isa = XCConfigurationList;
			buildConfigurations = (
				230CF2761E2EA31A001C0606 /* Debug */,
				230CF2771E2EA31A001C0606 /* Release */,
			);
			defaultConfigurationIsVisible = 0;
			defaultConfigurationName = Release;
		};
		230CF2781E2EA31A001C0606 /* Build configuration list for PBXNativeTarget "Haha Stream" */ = {
			isa = XCConfigurationList;
			buildConfigurations = (
				230CF2791E2EA31A001C0606 /* Debug */,
				230CF27A1E2EA31A001C0606 /* Release */,
			);
			defaultConfigurationIsVisible = 0;
			defaultConfigurationName = Release;
		};
		230CF28C1E2EA711001C0606 /* Build configuration list for PBXNativeTarget "HahaStreamUnitTests" */ = {
			isa = XCConfigurationList;
			buildConfigurations = (
				230CF28D1E2EA711001C0606 /* Debug */,
				230CF28E1E2EA711001C0606 /* Release */,
			);
			defaultConfigurationIsVisible = 0;
			defaultConfigurationName = Release;
		};
		23246CD21E3E60440057FA63 /* Build configuration list for PBXNativeTarget "Haha Extension" */ = {
			isa = XCConfigurationList;
			buildConfigurations = (
				23246CD01E3E60440057FA63 /* Debug */,
				23246CD11E3E60440057FA63 /* Release */,
			);
			defaultConfigurationIsVisible = 0;
			defaultConfigurationName = Release;
		};
/* End XCConfigurationList section */
	};
	rootObject = 230CF2611E2EA31A001C0606 /* Project object */;
}
